
Microsoft Visual Studio Solution File, Format Version 12.00
# Visual Studio Version 16
VisualStudioVersion = 16.0.29613.14
MinimumVisualStudioVersion = 10.0.40219.1
Project("{FAE04EC0-301F-11D3-BF4B-00C04F79EFBC}") = "GymMembership", "GymMembership\GymMembership.csproj", "{0CC0332C-C8CF-407C-A389-137F9AFB239C}"
EndProject
Global
	GlobalSection(SolutionConfigurationPlatforms) = preSolution
		Debug|Any CPU = Debug|Any CPU
		Release|Any CPU = Release|Any CPU
	EndGlobalSection
	GlobalSection(ProjectConfigurationPlatforms) = postSolution
		{0CC0332C-C8CF-407C-A389-137F9AFB239C}.Debug|Any CPU.ActiveCfg = Debug|Any CPU
		{0CC0332C-C8CF-407C-A389-137F9AFB239C}.Debug|Any CPU.Build.0 = Debug|Any CPU
		{0CC0332C-C8CF-407C-A389-137F9AFB239C}.Release|Any CPU.ActiveCfg = Release|Any CPU
		{0CC0332C-C8CF-407C-A389-137F9AFB239C}.Release|Any CPU.Build.0 = Release|Any CPU
	EndGlobalSection
	GlobalSection(SolutionProperties) = preSolution
		HideSolutionNode = FALSE
	EndGlobalSection
	GlobalSection(ExtensibilityGlobals) = postSolution
		SolutionGuid = {E6BB1858-9D37-4231-9927-54E080154AB9}
	EndGlobalSection
EndGlobal
